
Microsoft Visual Studio Solution File, Format Version 12.00
# Visual Studio Version 17
VisualStudioVersion = 17.14.36623.8
MinimumVisualStudioVersion = 10.0.40219.1
Project("{FAE04EC0-301F-11D3-BF4B-00C04F79EFBC}") = "garzon-meia-a3-fish-game", "garzon-meia-a3-fish-game.csproj", "{E4EAA6E5-CB02-4384-B53B-87DE47DCD8FF}"
EndProject
Global
	GlobalSection(SolutionConfigurationPlatforms) = preSolution
		Debug|Any CPU = Debug|Any CPU
		Release|Any CPU = Release|Any CPU
	EndGlobalSection
	GlobalSection(ProjectConfigurationPlatforms) = postSolution
		{E4EAA6E5-CB02-4384-B53B-87DE47DCD8FF}.Debug|Any CPU.ActiveCfg = Debug|Any CPU
		{E4EAA6E5-CB02-4384-B53B-87DE47DCD8FF}.Debug|Any CPU.Build.0 = Debug|Any CPU
		{E4EAA6E5-CB02-4384-B53B-87DE47DCD8FF}.Release|Any CPU.ActiveCfg = Release|Any CPU
		{E4EAA6E5-CB02-4384-B53B-87DE47DCD8FF}.Release|Any CPU.Build.0 = Release|Any CPU
	EndGlobalSection
	GlobalSection(SolutionProperties) = preSolution
		HideSolutionNode = FALSE
	EndGlobalSection
	GlobalSection(ExtensibilityGlobals) = postSolution
		SolutionGuid = {CE1C45F2-6360-475A-9B90-B12B9953A2CF}
	EndGlobalSection
EndGlobal
